// !$*UTF8*$!
{
	archiveVersion = 1;
	classes = {
	};
	objectVersion = 77;
	objects = {

/* Begin PBXBuildFile section */
		279BCF0F2ED7B12100FAB2C9 /* ManagedSettings.framework in Frameworks */ = {isa = PBXBuildFile; fileRef = 279BCF0E2ED7B12100FAB2C9 /* ManagedSettings.framework */; };
		279BCF112ED7B12200FAB2C9 /* ManagedSettingsUI.framework in Frameworks */ = {isa = PBXBuildFile; fileRef = 279BCF102ED7B12200FAB2C9 /* ManagedSettingsUI.framework */; };
		279BCFBC2ED7BF1600FAB2C9 /* DeviceActivity.framework in Frameworks */ = {isa = PBXBuildFile; fileRef = 279BCFBB2ED7BF1600FAB2C9 /* DeviceActivity.framework */; };
		279BD1312EDE7EE400FAB2C9 /* SVGView in Frameworks */ = {isa = PBXBuildFile; productRef = 279BD1302EDE7EE400FAB2C9 /* SVGView */; };
		279BD1622EDFCB0000FAB2C9 /* ZenoShieldExtension.appex in Embed App Extensions */ = {isa = PBXBuildFile; fileRef = 279BCF0C2ED7B12100FAB2C9 /* ZenoShieldExtension.appex */; settings = {ATTRIBUTES = (RemoveHeadersOnCopy, ); }; };
		279BD1632EDFCB0000FAB2C9 /* ZenoDeviceMonitor.appex in Embed App Extensions */ = {isa = PBXBuildFile; fileRef = 279BCFBA2ED7BF1600FAB2C9 /* ZenoDeviceMonitor.appex */; settings = {ATTRIBUTES = (RemoveHeadersOnCopy, ); }; };
/* End PBXBuildFile section */

/* Begin PBXContainerItemProxy section */
		279BC8D82ED157EA00FAB2C9 /* PBXContainerItemProxy */ = {
			isa = PBXContainerItemProxy;
			containerPortal = 279BC8C22ED157E800FAB2C9 /* Project object */;
			proxyType = 1;
			remoteGlobalIDString = 279BC8C92ED157E800FAB2C9;
			remoteInfo = Zeno;
		};
		279BC8E22ED157EA00FAB2C9 /* PBXContainerItemProxy */ = {
			isa = PBXContainerItemProxy;
			containerPortal = 279BC8C22ED157E800FAB2C9 /* Project object */;
			proxyType = 1;
			remoteGlobalIDString = 279BC8C92ED157E800FAB2C9;
			remoteInfo = Zeno;
		};
		279BCF172ED7B12200FAB2C9 /* PBXContainerItemProxy */ = {
			isa = PBXContainerItemProxy;
			containerPortal = 279BC8C22ED157E800FAB2C9 /* Project object */;
			proxyType = 1;
			remoteGlobalIDString = 279BCF0B2ED7B12100FAB2C9;
			remoteInfo = ZenoShieldExtension;
		};
		279BCFC22ED7BF1600FAB2C9 /* PBXContainerItemProxy */ = {
			isa = PBXContainerItemProxy;
			containerPortal = 279BC8C22ED157E800FAB2C9 /* Project object */;
			proxyType = 1;
			remoteGlobalIDString = 279BCFB92ED7BF1600FAB2C9;
			remoteInfo = ZenoDeviceMonitor;
		};
/* End PBXContainerItemProxy section */

/* Begin PBXCopyFilesBuildPhase section */
		279BD1612EDFCA8500FAB2C9 /* Embed App Extensions */ = {
			isa = PBXCopyFilesBuildPhase;
			buildActionMask = 2147483647;
			dstPath = "";
			dstSubfolderSpec = 13;
			files = (
				279BD1622EDFCB0000FAB2C9 /* ZenoShieldExtension.appex in Embed App Extensions */,
				279BD1632EDFCB0000FAB2C9 /* ZenoDeviceMonitor.appex in Embed App Extensions */,
			);
			name = "Embed App Extensions";
			runOnlyForDeploymentPostprocessing = 0;
		};
/* End PBXCopyFilesBuildPhase section */

/* Begin PBXFileReference section */
		279BC8CA2ED157E800FAB2C9 /* Zeno.app */ = {isa = PBXFileReference; explicitFileType = wrapper.application; includeInIndex = 0; path = Zeno.app; sourceTree = BUILT_PRODUCTS_DIR; };
		279BC8D72ED157EA00FAB2C9 /* ZenoTests.xctest */ = {isa = PBXFileReference; explicitFileType = wrapper.cfbundle; includeInIndex = 0; path = ZenoTests.xctest; sourceTree = BUILT_PRODUCTS_DIR; };
		279BC8E12ED157EA00FAB2C9 /* ZenoUITests.xctest */ = {isa = PBXFileReference; explicitFileType = wrapper.cfbundle; includeInIndex = 0; path = ZenoUITests.xctest; sourceTree = BUILT_PRODUCTS_DIR; };
		279BCF0C2ED7B12100FAB2C9 /* ZenoShieldExtension.appex */ = {isa = PBXFileReference; explicitFileType = "wrapper.app-extension"; includeInIndex = 0; path = ZenoShieldExtension.appex; sourceTree = BUILT_PRODUCTS_DIR; };
		279BCF0E2ED7B12100FAB2C9 /* ManagedSettings.framework */ = {isa = PBXFileReference; lastKnownFileType = wrapper.framework; name = ManagedSettings.framework; path = System/Library/Frameworks/ManagedSettings.framework; sourceTree = SDKROOT; };
		279BCF102ED7B12200FAB2C9 /* ManagedSettingsUI.framework */ = {isa = PBXFileReference; lastKnownFileType = wrapper.framework; name = ManagedSettingsUI.framework; path = System/Library/Frameworks/ManagedSettingsUI.framework; sourceTree = SDKROOT; };
		279BCFBA2ED7BF1600FAB2C9 /* ZenoDeviceMonitor.appex */ = {isa = PBXFileReference; explicitFileType = "wrapper.app-extension"; includeInIndex = 0; path = ZenoDeviceMonitor.appex; sourceTree = BUILT_PRODUCTS_DIR; };
		279BCFBB2ED7BF1600FAB2C9 /* DeviceActivity.framework */ = {isa = PBXFileReference; lastKnownFileType = wrapper.framework; name = DeviceActivity.framework; path = System/Library/Frameworks/DeviceActivity.framework; sourceTree = SDKROOT; };
/* End PBXFileReference section */

/* Begin PBXFileSystemSynchronizedBuildFileExceptionSet section */
		279BCA602ED2B24500FAB2C9 /* Exceptions for "Zeno" folder in "ZenoTests" target */ = {
			isa = PBXFileSystemSynchronizedBuildFileExceptionSet;
			membershipExceptions = (
				"Resources/Fonts/SpaceGrotesk-Bold.ttf",
				"Resources/Fonts/SpaceGrotesk-Light.ttf",
				"Resources/Fonts/SpaceGrotesk-Medium.ttf",
				"Resources/Fonts/SpaceGrotesk-Regular.ttf",
				"Resources/Fonts/SpaceGrotesk-SemiBold.ttf",
				"Resources/Fonts/SpaceMono-Bold.ttf",
				"Resources/Fonts/SpaceMono-BoldItalic.ttf",
				"Resources/Fonts/SpaceMono-Italic.ttf",
				"Resources/Fonts/SpaceMono-Regular.ttf",
				"Resources/Fonts/Syne-Bold.ttf",
				"Resources/Fonts/Syne-ExtraBold.ttf",
				"Resources/Fonts/Syne-Medium.ttf",
				"Resources/Fonts/Syne-Regular.ttf",
				"Resources/Fonts/Syne-SemiBold.ttf",
			);
			target = 279BC8D62ED157EA00FAB2C9 /* ZenoTests */;
		};
		279BCA612ED2B24500FAB2C9 /* Exceptions for "Zeno" folder in "ZenoUITests" target */ = {
			isa = PBXFileSystemSynchronizedBuildFileExceptionSet;
			membershipExceptions = (
				"Resources/Fonts/SpaceGrotesk-Bold.ttf",
				"Resources/Fonts/SpaceGrotesk-Light.ttf",
				"Resources/Fonts/SpaceGrotesk-Medium.ttf",
				"Resources/Fonts/SpaceGrotesk-Regular.ttf",
				"Resources/Fonts/SpaceGrotesk-SemiBold.ttf",
				"Resources/Fonts/SpaceMono-Bold.ttf",
				"Resources/Fonts/SpaceMono-BoldItalic.ttf",
				"Resources/Fonts/SpaceMono-Italic.ttf",
				"Resources/Fonts/SpaceMono-Regular.ttf",
				"Resources/Fonts/Syne-Bold.ttf",
				"Resources/Fonts/Syne-ExtraBold.ttf",
				"Resources/Fonts/Syne-Medium.ttf",
				"Resources/Fonts/Syne-Regular.ttf",
				"Resources/Fonts/Syne-SemiBold.ttf",
			);
			target = 279BC8E02ED157EA00FAB2C9 /* ZenoUITests */;
		};
		279BCBA72ED2B52700FAB2C9 /* Exceptions for "Zeno" folder in "Zeno" target */ = {
			isa = PBXFileSystemSynchronizedBuildFileExceptionSet;
			membershipExceptions = (
				Info.plist,
				"Resources/SVGs/zen-svg-1/zen-svg-1-clouds.svg",
				"Resources/SVGs/zen-svg-1/zen-svg-1-figure.svg",
				"Resources/SVGs/zen-svg-1/zen-svg-1-ground.svg",
				"Resources/SVGs/zen-svg-1/zen-svg-1-halo.svg",
				"Resources/SVGs/zen-svg-1/zen-svg-1-palms.svg",
				"Resources/SVGs/zen-svg-1/zen-svg-1-patterns.svg",
				"Resources/SVGs/zen-svg-1/zen-svg-1-rays.svg",
				"Resources/SVGs/zen-svg-1/zen-svg-1.svg",
			);
			target = 279BC8C92ED157E800FAB2C9 /* Zeno */;
		};
		279BCF1D2ED7B12200FAB2C9 /* Exceptions for "ZenoShieldExtension" folder in "ZenoShieldExtension" target */ = {
			isa = PBXFileSystemSynchronizedBuildFileExceptionSet;
			membershipExceptions = (
				Info.plist,
			);
			target = 279BCF0B2ED7B12100FAB2C9 /* ZenoShieldExtension */;
		};
		279BCFC82ED7BF1600FAB2C9 /* Exceptions for "ZenoDeviceMonitor" folder in "ZenoDeviceMonitor" target */ = {
			isa = PBXFileSystemSynchronizedBuildFileExceptionSet;
			membershipExceptions = (
				Info.plist,
			);
			target = 279BCFB92ED7BF1600FAB2C9 /* ZenoDeviceMonitor */;
		};
/* End PBXFileSystemSynchronizedBuildFileExceptionSet section */

/* Begin PBXFileSystemSynchronizedRootGroup section */
		279BC8CC2ED157E800FAB2C9 /* Zeno */ = {
			isa = PBXFileSystemSynchronizedRootGroup;
			exceptions = (
				279BCBA72ED2B52700FAB2C9 /* Exceptions for "Zeno" folder in "Zeno" target */,
				279BCA602ED2B24500FAB2C9 /* Exceptions for "Zeno" folder in "ZenoTests" target */,
				279BCA612ED2B24500FAB2C9 /* Exceptions for "Zeno" folder in "ZenoUITests" target */,
			);
			path = Zeno;
			sourceTree = "<group>";
		};
		279BC8DA2ED157EA00FAB2C9 /* ZenoTests */ = {
			isa = PBXFileSystemSynchronizedRootGroup;
			path = ZenoTests;
			sourceTree = "<group>";
		};
		279BC8E42ED157EA00FAB2C9 /* ZenoUITests */ = {
			isa = PBXFileSystemSynchronizedRootGroup;
			path = ZenoUITests;
			sourceTree = "<group>";
		};
		279BCF122ED7B12200FAB2C9 /* ZenoShieldExtension */ = {
			isa = PBXFileSystemSynchronizedRootGroup;
			exceptions = (
				279BCF1D2ED7B12200FAB2C9 /* Exceptions for "ZenoShieldExtension" folder in "ZenoShieldExtension" target */,
			);
			path = ZenoShieldExtension;
			sourceTree = "<group>";
		};
		279BCFBD2ED7BF1600FAB2C9 /* ZenoDeviceMonitor */ = {
			isa = PBXFileSystemSynchronizedRootGroup;
			exceptions = (
				279BCFC82ED7BF1600FAB2C9 /* Exceptions for "ZenoDeviceMonitor" folder in "ZenoDeviceMonitor" target */,
			);
			path = ZenoDeviceMonitor;
			sourceTree = "<group>";
		};
/* End PBXFileSystemSynchronizedRootGroup section */

/* Begin PBXFrameworksBuildPhase section */
		279BC8C72ED157E800FAB2C9 /* Frameworks */ = {
			isa = PBXFrameworksBuildPhase;
			buildActionMask = 2147483647;
			files = (
				279BD1312EDE7EE400FAB2C9 /* SVGView in Frameworks */,
			);
			runOnlyForDeploymentPostprocessing = 0;
		};
		279BC8D42ED157EA00FAB2C9 /* Frameworks */ = {
			isa = PBXFrameworksBuildPhase;
			buildActionMask = 2147483647;
			files = (
			);
			runOnlyForDeploymentPostprocessing = 0;
		};
		279BC8DE2ED157EA00FAB2C9 /* Frameworks */ = {
			isa = PBXFrameworksBuildPhase;
			buildActionMask = 2147483647;
			files = (
			);
			runOnlyForDeploymentPostprocessing = 0;
		};
		279BCF092ED7B12100FAB2C9 /* Frameworks */ = {
			isa = PBXFrameworksBuildPhase;
			buildActionMask = 2147483647;
			files = (
				279BCF0F2ED7B12100FAB2C9 /* ManagedSettings.framework in Frameworks */,
				279BCF112ED7B12200FAB2C9 /* ManagedSettingsUI.framework in Frameworks */,
			);
			runOnlyForDeploymentPostprocessing = 0;
		};
		279BCFB72ED7BF1600FAB2C9 /* Frameworks */ = {
			isa = PBXFrameworksBuildPhase;
			buildActionMask = 2147483647;
			files = (
				279BCFBC2ED7BF1600FAB2C9 /* DeviceActivity.framework in Frameworks */,
			);
			runOnlyForDeploymentPostprocessing = 0;
		};
/* End PBXFrameworksBuildPhase section */

/* Begin PBXGroup section */
		279BC8C12ED157E800FAB2C9 = {
			isa = PBXGroup;
			children = (
				279BC8CC2ED157E800FAB2C9 /* Zeno */,
				279BC8DA2ED157EA00FAB2C9 /* ZenoTests */,
				279BC8E42ED157EA00FAB2C9 /* ZenoUITests */,
				279BCF122ED7B12200FAB2C9 /* ZenoShieldExtension */,
				279BCFBD2ED7BF1600FAB2C9 /* ZenoDeviceMonitor */,
				279BCF0D2ED7B12100FAB2C9 /* Frameworks */,
				279BC8CB2ED157E800FAB2C9 /* Products */,
			);
			sourceTree = "<group>";
		};
		279BC8CB2ED157E800FAB2C9 /* Products */ = {
			isa = PBXGroup;
			children = (
				279BC8CA2ED157E800FAB2C9 /* Zeno.app */,
				279BC8D72ED157EA00FAB2C9 /* ZenoTests.xctest */,
				279BC8E12ED157EA00FAB2C9 /* ZenoUITests.xctest */,
				279BCF0C2ED7B12100FAB2C9 /* ZenoShieldExtension.appex */,
				279BCFBA2ED7BF1600FAB2C9 /* ZenoDeviceMonitor.appex */,
			);
			name = Products;
			sourceTree = "<group>";
		};
		279BCF0D2ED7B12100FAB2C9 /* Frameworks */ = {
			isa = PBXGroup;
			children = (
				279BCF0E2ED7B12100FAB2C9 /* ManagedSettings.framework */,
				279BCF102ED7B12200FAB2C9 /* ManagedSettingsUI.framework */,
				279BCFBB2ED7BF1600FAB2C9 /* DeviceActivity.framework */,
			);
			name = Frameworks;
			sourceTree = "<group>";
		};
/* End PBXGroup section */

/* Begin PBXNativeTarget section */
		279BC8C92ED157E800FAB2C9 /* Zeno */ = {
			isa = PBXNativeTarget;
			buildConfigurationList = 279BC8EB2ED157EA00FAB2C9 /* Build configuration list for PBXNativeTarget "Zeno" */;
			buildPhases = (
				279BC8C62ED157E800FAB2C9 /* Sources */,
				279BC8C72ED157E800FAB2C9 /* Frameworks */,
				279BC8C82ED157E800FAB2C9 /* Resources */,
				279BD1612EDFCA8500FAB2C9 /* Embed App Extensions */,
			);
			buildRules = (
			);
			dependencies = (
				279BCF182ED7B12200FAB2C9 /* PBXTargetDependency */,
				279BCFC32ED7BF1600FAB2C9 /* PBXTargetDependency */,
			);
			fileSystemSynchronizedGroups = (
				279BC8CC2ED157E800FAB2C9 /* Zeno */,
			);
			name = Zeno;
			packageProductDependencies = (
				279BD1302EDE7EE400FAB2C9 /* SVGView */,
			);
			productName = Zeno;
			productReference = 279BC8CA2ED157E800FAB2C9 /* Zeno.app */;
			productType = "com.apple.product-type.application";
		};
		279BC8D62ED157EA00FAB2C9 /* ZenoTests */ = {
			isa = PBXNativeTarget;
			buildConfigurationList = 279BC8EE2ED157EA00FAB2C9 /* Build configuration list for PBXNativeTarget "ZenoTests" */;
			buildPhases = (
				279BC8D32ED157EA00FAB2C9 /* Sources */,
				279BC8D42ED157EA00FAB2C9 /* Frameworks */,
				279BC8D52ED157EA00FAB2C9 /* Resources */,
			);
			buildRules = (
			);
			dependencies = (
				279BC8D92ED157EA00FAB2C9 /* PBXTargetDependency */,
			);
			fileSystemSynchronizedGroups = (
				279BC8DA2ED157EA00FAB2C9 /* ZenoTests */,
			);
			name = ZenoTests;
			packageProductDependencies = (
			);
			productName = ZenoTests;
			productReference = 279BC8D72ED157EA00FAB2C9 /* ZenoTests.xctest */;
			productType = "com.apple.product-type.bundle.unit-test";
		};
		279BC8E02ED157EA00FAB2C9 /* ZenoUITests */ = {
			isa = PBXNativeTarget;
			buildConfigurationList = 279BC8F12ED157EA00FAB2C9 /* Build configuration list for PBXNativeTarget "ZenoUITests" */;
			buildPhases = (
				279BC8DD2ED157EA00FAB2C9 /* Sources */,
				279BC8DE2ED157EA00FAB2C9 /* Frameworks */,
				279BC8DF2ED157EA00FAB2C9 /* Resources */,
			);
			buildRules = (
			);
			dependencies = (
				279BC8E32ED157EA00FAB2C9 /* PBXTargetDependency */,
			);
			fileSystemSynchronizedGroups = (
				279BC8E42ED157EA00FAB2C9 /* ZenoUITests */,
			);
			name = ZenoUITests;
			packageProductDependencies = (
			);
			productName = ZenoUITests;
			productReference = 279BC8E12ED157EA00FAB2C9 /* ZenoUITests.xctest */;
			productType = "com.apple.product-type.bundle.ui-testing";
		};
		279BCF0B2ED7B12100FAB2C9 /* ZenoShieldExtension */ = {
			isa = PBXNativeTarget;
			buildConfigurationList = 279BCF1A2ED7B12200FAB2C9 /* Build configuration list for PBXNativeTarget "ZenoShieldExtension" */;
			buildPhases = (
				279BCF082ED7B12100FAB2C9 /* Sources */,
				279BCF092ED7B12100FAB2C9 /* Frameworks */,
				279BCF0A2ED7B12100FAB2C9 /* Resources */,
			);
			buildRules = (
			);
			dependencies = (
			);
			fileSystemSynchronizedGroups = (
				279BCF122ED7B12200FAB2C9 /* ZenoShieldExtension */,
			);
			name = ZenoShieldExtension;
			packageProductDependencies = (
			);
			productName = ZenoShieldExtension;
			productReference = 279BCF0C2ED7B12100FAB2C9 /* ZenoShieldExtension.appex */;
			productType = "com.apple.product-type.app-extension";
		};
		279BCFB92ED7BF1600FAB2C9 /* ZenoDeviceMonitor */ = {
			isa = PBXNativeTarget;
			buildConfigurationList = 279BCFC52ED7BF1600FAB2C9 /* Build configuration list for PBXNativeTarget "ZenoDeviceMonitor" */;
			buildPhases = (
				279BCFB62ED7BF1600FAB2C9 /* Sources */,
				279BCFB72ED7BF1600FAB2C9 /* Frameworks */,
				279BCFB82ED7BF1600FAB2C9 /* Resources */,
			);
			buildRules = (
			);
			dependencies = (
			);
			fileSystemSynchronizedGroups = (
				279BCFBD2ED7BF1600FAB2C9 /* ZenoDeviceMonitor */,
			);
			name = ZenoDeviceMonitor;
			packageProductDependencies = (
			);
			productName = ZenoDeviceMonitor;
			productReference = 279BCFBA2ED7BF1600FAB2C9 /* ZenoDeviceMonitor.appex */;
			productType = "com.apple.product-type.app-extension";
		};
/* End PBXNativeTarget section */

/* Begin PBXProject section */
		279BC8C22ED157E800FAB2C9 /* Project object */ = {
			isa = PBXProject;
			attributes = {
				BuildIndependentTargetsInParallel = 1;
				LastSwiftUpdateCheck = 2610;
				LastUpgradeCheck = 2610;
				TargetAttributes = {
					279BC8C92ED157E800FAB2C9 = {
						CreatedOnToolsVersion = 26.1.1;
					};
					279BC8D62ED157EA00FAB2C9 = {
						CreatedOnToolsVersion = 26.1.1;
						TestTargetID = 279BC8C92ED157E800FAB2C9;
					};
					279BC8E02ED157EA00FAB2C9 = {
						CreatedOnToolsVersion = 26.1.1;
						TestTargetID = 279BC8C92ED157E800FAB2C9;
					};
					279BCF0B2ED7B12100FAB2C9 = {
						CreatedOnToolsVersion = 26.1.1;
					};
					279BCFB92ED7BF1600FAB2C9 = {
						CreatedOnToolsVersion = 26.1.1;
					};
				};
			};
			buildConfigurationList = 279BC8C52ED157E800FAB2C9 /* Build configuration list for PBXProject "Zeno" */;
			developmentRegion = en;
			hasScannedForEncodings = 0;
			knownRegions = (
				en,
				Base,
			);
			mainGroup = 279BC8C12ED157E800FAB2C9;
			minimizedProjectReferenceProxies = 1;
			packageReferences = (
				279BD12F2EDE7E7000FAB2C9 /* XCRemoteSwiftPackageReference "SVGView" */,
			);
			preferredProjectObjectVersion = 77;
			productRefGroup = 279BC8CB2ED157E800FAB2C9 /* Products */;
			projectDirPath = "";
			projectRoot = "";
			targets = (
				279BC8C92ED157E800FAB2C9 /* Zeno */,
				279BC8D62ED157EA00FAB2C9 /* ZenoTests */,
				279BC8E02ED157EA00FAB2C9 /* ZenoUITests */,
				279BCF0B2ED7B12100FAB2C9 /* ZenoShieldExtension */,
				279BCFB92ED7BF1600FAB2C9 /* ZenoDeviceMonitor */,
			);
		};
/* End PBXProject section */

/* Begin PBXResourcesBuildPhase section */
		279BC8C82ED157E800FAB2C9 /* Resources */ = {
			isa = PBXResourcesBuildPhase;
			buildActionMask = 2147483647;
			files = (
			);
			runOnlyForDeploymentPostprocessing = 0;
		};
		279BC8D52ED157EA00FAB2C9 /* Resources */ = {
			isa = PBXResourcesBuildPhase;
			buildActionMask = 2147483647;
			files = (
			);
			runOnlyForDeploymentPostprocessing = 0;
		};
		279BC8DF2ED157EA00FAB2C9 /* Resources */ = {
			isa = PBXResourcesBuildPhase;
			buildActionMask = 2147483647;
			files = (
			);
			runOnlyForDeploymentPostprocessing = 0;
		};
		279BCF0A2ED7B12100FAB2C9 /* Resources */ = {
			isa = PBXResourcesBuildPhase;
			buildActionMask = 2147483647;
			files = (
			);
			runOnlyForDeploymentPostprocessing = 0;
		};
		279BCFB82ED7BF1600FAB2C9 /* Resources */ = {
			isa = PBXResourcesBuildPhase;
			buildActionMask = 2147483647;
			files = (
			);
			runOnlyForDeploymentPostprocessing = 0;
		};
/* End PBXResourcesBuildPhase section */

/* Begin PBXSourcesBuildPhase section */
		279BC8C62ED157E800FAB2C9 /* Sources */ = {
			isa = PBXSourcesBuildPhase;
			buildActionMask = 2147483647;
			files = (
			);
			runOnlyForDeploymentPostprocessing = 0;
		};
		279BC8D32ED157EA00FAB2C9 /* Sources */ = {
			isa = PBXSourcesBuildPhase;
			buildActionMask = 2147483647;
			files = (
			);
			runOnlyForDeploymentPostprocessing = 0;
		};
		279BC8DD2ED157EA00FAB2C9 /* Sources */ = {
			isa = PBXSourcesBuildPhase;
			buildActionMask = 2147483647;
			files = (
			);
			runOnlyForDeploymentPostprocessing = 0;
		};
		279BCF082ED7B12100FAB2C9 /* Sources */ = {
			isa = PBXSourcesBuildPhase;
			buildActionMask = 2147483647;
			files = (
			);
			runOnlyForDeploymentPostprocessing = 0;
		};
		279BCFB62ED7BF1600FAB2C9 /* Sources */ = {
			isa = PBXSourcesBuildPhase;
			buildActionMask = 2147483647;
			files = (
			);
			runOnlyForDeploymentPostprocessing = 0;
		};
/* End PBXSourcesBuildPhase section */

/* Begin PBXTargetDependency section */
		279BC8D92ED157EA00FAB2C9 /* PBXTargetDependency */ = {
			isa = PBXTargetDependency;
			target = 279BC8C92ED157E800FAB2C9 /* Zeno */;
			targetProxy = 279BC8D82ED157EA00FAB2C9 /* PBXContainerItemProxy */;
		};
		279BC8E32ED157EA00FAB2C9 /* PBXTargetDependency */ = {
			isa = PBXTargetDependency;
			target = 279BC8C92ED157E800FAB2C9 /* Zeno */;
			targetProxy = 279BC8E22ED157EA00FAB2C9 /* PBXContainerItemProxy */;
		};
		279BCF182ED7B12200FAB2C9 /* PBXTargetDependency */ = {
			isa = PBXTargetDependency;
			target = 279BCF0B2ED7B12100FAB2C9 /* ZenoShieldExtension */;
			targetProxy = 279BCF172ED7B12200FAB2C9 /* PBXContainerItemProxy */;
		};
		279BCFC32ED7BF1600FAB2C9 /* PBXTargetDependency */ = {
			isa = PBXTargetDependency;
			target = 279BCFB92ED7BF1600FAB2C9 /* ZenoDeviceMonitor */;
			targetProxy = 279BCFC22ED7BF1600FAB2C9 /* PBXContainerItemProxy */;
		};
/* End PBXTargetDependency section */

/* Begin XCBuildConfiguration section */
		279BC8E92ED157EA00FAB2C9 /* Debug */ = {
			isa = XCBuildConfiguration;
			buildSettings = {
				ALWAYS_SEARCH_USER_PATHS = NO;
				ASSETCATALOG_COMPILER_GENERATE_SWIFT_ASSET_SYMBOL_EXTENSIONS = YES;
				CLANG_ANALYZER_NONNULL = YES;
				CLANG_ANALYZER_NUMBER_OBJECT_CONVERSION = YES_AGGRESSIVE;
				CLANG_CXX_LANGUAGE_STANDARD = "gnu++20";
				CLANG_ENABLE_MODULES = YES;
				CLANG_ENABLE_OBJC_ARC = YES;
				CLANG_ENABLE_OBJC_WEAK = YES;
				CLANG_WARN_BLOCK_CAPTURE_AUTORELEASING = YES;
				CLANG_WARN_BOOL_CONVERSION = YES;
				CLANG_WARN_COMMA = YES;
				CLANG_WARN_CONSTANT_CONVERSION = YES;
				CLANG_WARN_DEPRECATED_OBJC_IMPLEMENTATIONS = YES;
				CLANG_WARN_DIRECT_OBJC_ISA_USAGE = YES_ERROR;
				CLANG_WARN_DOCUMENTATION_COMMENTS = YES;
				CLANG_WARN_EMPTY_BODY = YES;
				CLANG_WARN_ENUM_CONVERSION = YES;
				CLANG_WARN_INFINITE_RECURSION = YES;
				CLANG_WARN_INT_CONVERSION = YES;
				CLANG_WARN_NON_LITERAL_NULL_CONVERSION = YES;
				CLANG_WARN_OBJC_IMPLICIT_RETAIN_SELF = YES;
				CLANG_WARN_OBJC_LITERAL_CONVERSION = YES;
				CLANG_WARN_OBJC_ROOT_CLASS = YES_ERROR;
				CLANG_WARN_QUOTED_INCLUDE_IN_FRAMEWORK_HEADER = YES;
				CLANG_WARN_RANGE_LOOP_ANALYSIS = YES;
				CLANG_WARN_STRICT_PROTOTYPES = YES;
				CLANG_WARN_SUSPICIOUS_MOVE = YES;
				CLANG_WARN_UNGUARDED_AVAILABILITY = YES_AGGRESSIVE;
				CLANG_WARN_UNREACHABLE_CODE = YES;
				CLANG_WARN__DUPLICATE_METHOD_MATCH = YES;
				COPY_PHASE_STRIP = NO;
				DEBUG_INFORMATION_FORMAT = dwarf;
				DEVELOPMENT_TEAM = A2JAGQNDRL;
				ENABLE_STRICT_OBJC_MSGSEND = YES;
				ENABLE_TESTABILITY = YES;
				ENABLE_USER_SCRIPT_SANDBOXING = YES;
				GCC_C_LANGUAGE_STANDARD = gnu17;
				GCC_DYNAMIC_NO_PIC = NO;
				GCC_NO_COMMON_BLOCKS = YES;
				GCC_OPTIMIZATION_LEVEL = 0;
				GCC_PREPROCESSOR_DEFINITIONS = (
					"DEBUG=1",
					"$(inherited)",
				);
				GCC_WARN_64_TO_32_BIT_CONVERSION = YES;
				GCC_WARN_ABOUT_RETURN_TYPE = YES_ERROR;
				GCC_WARN_UNDECLARED_SELECTOR = YES;
				GCC_WARN_UNINITIALIZED_AUTOS = YES_AGGRESSIVE;
				GCC_WARN_UNUSED_FUNCTION = YES;
				GCC_WARN_UNUSED_VARIABLE = YES;
				IPHONEOS_DEPLOYMENT_TARGET = 26.1;
				LOCALIZATION_PREFERS_STRING_CATALOGS = YES;
				MTL_ENABLE_DEBUG_INFO = INCLUDE_SOURCE;
				MTL_FAST_MATH = YES;
				ONLY_ACTIVE_ARCH = YES;
				SDKROOT = iphoneos;
				SWIFT_ACTIVE_COMPILATION_CONDITIONS = "DEBUG $(inherited)";
				SWIFT_OPTIMIZATION_LEVEL = "-Onone";
			};
			name = Debug;
		};
		279BC8EA2ED157EA00FAB2C9 /* Release */ = {
			isa = XCBuildConfiguration;
			buildSettings = {
				ALWAYS_SEARCH_USER_PATHS = NO;
				ASSETCATALOG_COMPILER_GENERATE_SWIFT_ASSET_SYMBOL_EXTENSIONS = YES;
				CLANG_ANALYZER_NONNULL = YES;
				CLANG_ANALYZER_NUMBER_OBJECT_CONVERSION = YES_AGGRESSIVE;
				CLANG_CXX_LANGUAGE_STANDARD = "gnu++20";
				CLANG_ENABLE_MODULES = YES;
				CLANG_ENABLE_OBJC_ARC = YES;
				CLANG_ENABLE_OBJC_WEAK = YES;
				CLANG_WARN_BLOCK_CAPTURE_AUTORELEASING = YES;
				CLANG_WARN_BOOL_CONVERSION = YES;
				CLANG_WARN_COMMA = YES;
				CLANG_WARN_CONSTANT_CONVERSION = YES;
				CLANG_WARN_DEPRECATED_OBJC_IMPLEMENTATIONS = YES;
				CLANG_WARN_DIRECT_OBJC_ISA_USAGE = YES_ERROR;
				CLANG_WARN_DOCUMENTATION_COMMENTS = YES;
				CLANG_WARN_EMPTY_BODY = YES;
				CLANG_WARN_ENUM_CONVERSION = YES;
				CLANG_WARN_INFINITE_RECURSION = YES;
				CLANG_WARN_INT_CONVERSION = YES;
				CLANG_WARN_NON_LITERAL_NULL_CONVERSION = YES;
				CLANG_WARN_OBJC_IMPLICIT_RETAIN_SELF = YES;
				CLANG_WARN_OBJC_LITERAL_CONVERSION = YES;
				CLANG_WARN_OBJC_ROOT_CLASS = YES_ERROR;
				CLANG_WARN_QUOTED_INCLUDE_IN_FRAMEWORK_HEADER = YES;
				CLANG_WARN_RANGE_LOOP_ANALYSIS = YES;
				CLANG_WARN_STRICT_PROTOTYPES = YES;
				CLANG_WARN_SUSPICIOUS_MOVE = YES;
				CLANG_WARN_UNGUARDED_AVAILABILITY = YES_AGGRESSIVE;
				CLANG_WARN_UNREACHABLE_CODE = YES;
				CLANG_WARN__DUPLICATE_METHOD_MATCH = YES;
				COPY_PHASE_STRIP = NO;
				DEBUG_INFORMATION_FORMAT = "dwarf-with-dsym";
				DEVELOPMENT_TEAM = A2JAGQNDRL;
				ENABLE_NS_ASSERTIONS = NO;
				ENABLE_STRICT_OBJC_MSGSEND = YES;
				ENABLE_USER_SCRIPT_SANDBOXING = YES;
				GCC_C_LANGUAGE_STANDARD = gnu17;
				GCC_NO_COMMON_BLOCKS = YES;
				GCC_WARN_64_TO_32_BIT_CONVERSION = YES;
				GCC_WARN_ABOUT_RETURN_TYPE = YES_ERROR;
				GCC_WARN_UNDECLARED_SELECTOR = YES;
				GCC_WARN_UNINITIALIZED_AUTOS = YES_AGGRESSIVE;
				GCC_WARN_UNUSED_FUNCTION = YES;
				GCC_WARN_UNUSED_VARIABLE = YES;
				IPHONEOS_DEPLOYMENT_TARGET = 26.1;
				LOCALIZATION_PREFERS_STRING_CATALOGS = YES;
				MTL_ENABLE_DEBUG_INFO = NO;
				MTL_FAST_MATH = YES;
				SDKROOT = iphoneos;
				SWIFT_COMPILATION_MODE = wholemodule;
				VALIDATE_PRODUCT = YES;
			};
			name = Release;
		};
		279BC8EC2ED157EA00FAB2C9 /* Debug */ = {
			isa = XCBuildConfiguration;
			buildSettings = {
				ASSETCATALOG_COMPILER_APPICON_NAME = AppIcon;
				ASSETCATALOG_COMPILER_GLOBAL_ACCENT_COLOR_NAME = AccentColor;
				CODE_SIGN_ENTITLEMENTS = Zeno/Zeno.entitlements;
				CODE_SIGN_STYLE = Automatic;
				CURRENT_PROJECT_VERSION = 1;
				DEVELOPMENT_TEAM = A2JAGQNDRL;
				ENABLE_PREVIEWS = YES;
				GENERATE_INFOPLIST_FILE = YES;
				INFOPLIST_FILE = Zeno/Info.plist;
				INFOPLIST_KEY_UIAppFonts = "SpaceGrotesk-Bold.ttf SpaceGrotesk-Light.ttf SpaceGrotesk-Medium.ttf SpaceGrotesk-Regular.ttf SpaceGrotesk-SemiBold.ttf SpaceMono-Bold.ttf SpaceMono-BoldItalic.ttf SpaceMono-Italic.ttf SpaceMono-Regular.ttf Syne-Bold.ttf Syne-ExtraBold.ttf Syne-Medium.ttf Syne-Regular.ttf Syne-SemiBold.ttf";
				INFOPLIST_KEY_UIApplicationSceneManifest_Generation = YES;
				INFOPLIST_KEY_UIApplicationSupportsIndirectInputEvents = YES;
				INFOPLIST_KEY_UILaunchScreen_Generation = YES;
				INFOPLIST_KEY_UISupportedInterfaceOrientations_iPad = "UIInterfaceOrientationPortrait UIInterfaceOrientationPortraitUpsideDown UIInterfaceOrientationLandscapeLeft UIInterfaceOrientationLandscapeRight";
				INFOPLIST_KEY_UISupportedInterfaceOrientations_iPhone = "UIInterfaceOrientationPortrait UIInterfaceOrientationLandscapeLeft UIInterfaceOrientationLandscapeRight";
				IPHONEOS_DEPLOYMENT_TARGET = 17.6;
				LD_RUNPATH_SEARCH_PATHS = (
					"$(inherited)",
					"@executable_path/Frameworks",
				);
				MARKETING_VERSION = 1.0;
				PRODUCT_BUNDLE_IDENTIFIER = co.karthik.Zeno;
				PRODUCT_NAME = "$(TARGET_NAME)";
				STRING_CATALOG_GENERATE_SYMBOLS = YES;
				SWIFT_APPROACHABLE_CONCURRENCY = YES;
				SWIFT_DEFAULT_ACTOR_ISOLATION = MainActor;
				SWIFT_EMIT_LOC_STRINGS = YES;
				SWIFT_UPCOMING_FEATURE_MEMBER_IMPORT_VISIBILITY = YES;
				SWIFT_VERSION = 5.0;
				TARGETED_DEVICE_FAMILY = "1,2";
			};
			name = Debug;
		};
		279BC8ED2ED157EA00FAB2C9 /* Release */ = {
			isa = XCBuildConfiguration;
			buildSettings = {
				ASSETCATALOG_COMPILER_APPICON_NAME = AppIcon;
				ASSETCATALOG_COMPILER_GLOBAL_ACCENT_COLOR_NAME = AccentColor;
				CODE_SIGN_ENTITLEMENTS = Zeno/Zeno.entitlements;
				CODE_SIGN_STYLE = Automatic;
				CURRENT_PROJECT_VERSION = 1;
				DEVELOPMENT_TEAM = A2JAGQNDRL;
				ENABLE_PREVIEWS = YES;
				GENERATE_INFOPLIST_FILE = YES;
				INFOPLIST_FILE = Zeno/Info.plist;
				INFOPLIST_KEY_UIAppFonts = "SpaceGrotesk-Bold.ttf SpaceGrotesk-Light.ttf SpaceGrotesk-Medium.ttf SpaceGrotesk-Regular.ttf SpaceGrotesk-SemiBold.ttf SpaceMono-Bold.ttf SpaceMono-BoldItalic.ttf SpaceMono-Italic.ttf SpaceMono-Regular.ttf Syne-Bold.ttf Syne-ExtraBold.ttf Syne-Medium.ttf Syne-Regular.ttf Syne-SemiBold.ttf";
				INFOPLIST_KEY_UIApplicationSceneManifest_Generation = YES;
				INFOPLIST_KEY_UIApplicationSupportsIndirectInputEvents = YES;
				INFOPLIST_KEY_UILaunchScreen_Generation = YES;
				INFOPLIST_KEY_UISupportedInterfaceOrientations_iPad = "UIInterfaceOrientationPortrait UIInterfaceOrientationPortraitUpsideDown UIInterfaceOrientationLandscapeLeft UIInterfaceOrientationLandscapeRight";
				INFOPLIST_KEY_UISupportedInterfaceOrientations_iPhone = "UIInterfaceOrientationPortrait UIInterfaceOrientationLandscapeLeft UIInterfaceOrientationLandscapeRight";
				IPHONEOS_DEPLOYMENT_TARGET = 17.6;
				LD_RUNPATH_SEARCH_PATHS = (
					"$(inherited)",
					"@executable_path/Frameworks",
				);
				MARKETING_VERSION = 1.0;
				PRODUCT_BUNDLE_IDENTIFIER = co.karthik.Zeno;
				PRODUCT_NAME = "$(TARGET_NAME)";
				STRING_CATALOG_GENERATE_SYMBOLS = YES;
				SWIFT_APPROACHABLE_CONCURRENCY = YES;
				SWIFT_DEFAULT_ACTOR_ISOLATION = MainActor;
				SWIFT_EMIT_LOC_STRINGS = YES;
				SWIFT_UPCOMING_FEATURE_MEMBER_IMPORT_VISIBILITY = YES;
				SWIFT_VERSION = 5.0;
				TARGETED_DEVICE_FAMILY = "1,2";
			};
			name = Release;
		};
		279BC8EF2ED157EA00FAB2C9 /* Debug */ = {
			isa = XCBuildConfiguration;
			buildSettings = {
				BUNDLE_LOADER = "$(TEST_HOST)";
				CODE_SIGN_STYLE = Automatic;
				CURRENT_PROJECT_VERSION = 1;
				DEVELOPMENT_TEAM = A2JAGQNDRL;
				GENERATE_INFOPLIST_FILE = YES;
				IPHONEOS_DEPLOYMENT_TARGET = 26.1;
				MARKETING_VERSION = 1.0;
				PRODUCT_BUNDLE_IDENTIFIER = co.karthik.ZenoTests;
				PRODUCT_NAME = "$(TARGET_NAME)";
				STRING_CATALOG_GENERATE_SYMBOLS = NO;
				SWIFT_APPROACHABLE_CONCURRENCY = YES;
				SWIFT_EMIT_LOC_STRINGS = NO;
				SWIFT_UPCOMING_FEATURE_MEMBER_IMPORT_VISIBILITY = YES;
				SWIFT_VERSION = 5.0;
				TARGETED_DEVICE_FAMILY = "1,2";
				TEST_HOST = "$(BUILT_PRODUCTS_DIR)/Zeno.app/$(BUNDLE_EXECUTABLE_FOLDER_PATH)/Zeno";
			};
			name = Debug;
		};
		279BC8F02ED157EA00FAB2C9 /* Release */ = {
			isa = XCBuildConfiguration;
			buildSettings = {
				BUNDLE_LOADER = "$(TEST_HOST)";
				CODE_SIGN_STYLE = Automatic;
				CURRENT_PROJECT_VERSION = 1;
				DEVELOPMENT_TEAM = A2JAGQNDRL;
				GENERATE_INFOPLIST_FILE = YES;
				IPHONEOS_DEPLOYMENT_TARGET = 26.1;
				MARKETING_VERSION = 1.0;
				PRODUCT_BUNDLE_IDENTIFIER = co.karthik.ZenoTests;
				PRODUCT_NAME = "$(TARGET_NAME)";
				STRING_CATALOG_GENERATE_SYMBOLS = NO;
				SWIFT_APPROACHABLE_CONCURRENCY = YES;
				SWIFT_EMIT_LOC_STRINGS = NO;
				SWIFT_UPCOMING_FEATURE_MEMBER_IMPORT_VISIBILITY = YES;
				SWIFT_VERSION = 5.0;
				TARGETED_DEVICE_FAMILY = "1,2";
				TEST_HOST = "$(BUILT_PRODUCTS_DIR)/Zeno.app/$(BUNDLE_EXECUTABLE_FOLDER_PATH)/Zeno";
			};
			name = Release;
		};
		279BC8F22ED157EA00FAB2C9 /* Debug */ = {
			isa = XCBuildConfiguration;
			buildSettings = {
				CODE_SIGN_STYLE = Automatic;
				CURRENT_PROJECT_VERSION = 1;
				DEVELOPMENT_TEAM = A2JAGQNDRL;
				GENERATE_INFOPLIST_FILE = YES;
				MARKETING_VERSION = 1.0;
				PRODUCT_BUNDLE_IDENTIFIER = co.karthik.ZenoUITests;
				PRODUCT_NAME = "$(TARGET_NAME)";
				STRING_CATALOG_GENERATE_SYMBOLS = NO;
				SWIFT_APPROACHABLE_CONCURRENCY = YES;
				SWIFT_EMIT_LOC_STRINGS = NO;
				SWIFT_UPCOMING_FEATURE_MEMBER_IMPORT_VISIBILITY = YES;
				SWIFT_VERSION = 5.0;
				TARGETED_DEVICE_FAMILY = "1,2";
				TEST_TARGET_NAME = Zeno;
			};
			name = Debug;
		};
		279BC8F32ED157EA00FAB2C9 /* Release */ = {
			isa = XCBuildConfiguration;
			buildSettings = {
				CODE_SIGN_STYLE = Automatic;
				CURRENT_PROJECT_VERSION = 1;
				DEVELOPMENT_TEAM = A2JAGQNDRL;
				GENERATE_INFOPLIST_FILE = YES;
				MARKETING_VERSION = 1.0;
				PRODUCT_BUNDLE_IDENTIFIER = co.karthik.ZenoUITests;
				PRODUCT_NAME = "$(TARGET_NAME)";
				STRING_CATALOG_GENERATE_SYMBOLS = NO;
				SWIFT_APPROACHABLE_CONCURRENCY = YES;
				SWIFT_EMIT_LOC_STRINGS = NO;
				SWIFT_UPCOMING_FEATURE_MEMBER_IMPORT_VISIBILITY = YES;
				SWIFT_VERSION = 5.0;
				TARGETED_DEVICE_FAMILY = "1,2";
				TEST_TARGET_NAME = Zeno;
			};
			name = Release;
		};
		279BCF1B2ED7B12200FAB2C9 /* Debug */ = {
			isa = XCBuildConfiguration;
			buildSettings = {
				CODE_SIGN_ENTITLEMENTS = ZenoShieldExtension/ZenoShieldExtension.entitlements;
				CODE_SIGN_STYLE = Automatic;
				CURRENT_PROJECT_VERSION = 1;
				DEVELOPMENT_TEAM = A2JAGQNDRL;
				GENERATE_INFOPLIST_FILE = YES;
				INFOPLIST_FILE = ZenoShieldExtension/Info.plist;
				INFOPLIST_KEY_CFBundleDisplayName = ZenoShieldExtension;
				INFOPLIST_KEY_NSHumanReadableCopyright = "";
				LD_RUNPATH_SEARCH_PATHS = (
					"$(inherited)",
					"@executable_path/Frameworks",
					"@executable_path/../../Frameworks",
				);
				MARKETING_VERSION = 1.0;
				PRODUCT_BUNDLE_IDENTIFIER = co.karthik.Zeno.ZenoShieldExtension;
				PRODUCT_NAME = "$(TARGET_NAME)";
				SKIP_INSTALL = YES;
				STRING_CATALOG_GENERATE_SYMBOLS = YES;
				SWIFT_APPROACHABLE_CONCURRENCY = YES;
				SWIFT_EMIT_LOC_STRINGS = YES;
				SWIFT_UPCOMING_FEATURE_MEMBER_IMPORT_VISIBILITY = YES;
				SWIFT_VERSION = 5.0;
				TARGETED_DEVICE_FAMILY = "1,2";
			};
			name = Debug;
		};
		279BCF1C2ED7B12200FAB2C9 /* Release */ = {
			isa = XCBuildConfiguration;
			buildSettings = {
				CODE_SIGN_ENTITLEMENTS = ZenoShieldExtension/ZenoShieldExtension.entitlements;
				CODE_SIGN_STYLE = Automatic;
				CURRENT_PROJECT_VERSION = 1;
				DEVELOPMENT_TEAM = A2JAGQNDRL;
				GENERATE_INFOPLIST_FILE = YES;
				INFOPLIST_FILE = ZenoShieldExtension/Info.plist;
				INFOPLIST_KEY_CFBundleDisplayName = ZenoShieldExtension;
				INFOPLIST_KEY_NSHumanReadableCopyright = "";
				LD_RUNPATH_SEARCH_PATHS = (
					"$(inherited)",
					"@executable_path/Frameworks",
					"@executable_path/../../Frameworks",
				);
				MARKETING_VERSION = 1.0;
				PRODUCT_BUNDLE_IDENTIFIER = co.karthik.Zeno.ZenoShieldExtension;
				PRODUCT_NAME = "$(TARGET_NAME)";
				SKIP_INSTALL = YES;
				STRING_CATALOG_GENERATE_SYMBOLS = YES;
				SWIFT_APPROACHABLE_CONCURRENCY = YES;
				SWIFT_EMIT_LOC_STRINGS = YES;
				SWIFT_UPCOMING_FEATURE_MEMBER_IMPORT_VISIBILITY = YES;
				SWIFT_VERSION = 5.0;
				TARGETED_DEVICE_FAMILY = "1,2";
			};
			name = Release;
		};
		279BCFC62ED7BF1600FAB2C9 /* Debug */ = {
			isa = XCBuildConfiguration;
			buildSettings = {
				CODE_SIGN_ENTITLEMENTS = ZenoDeviceMonitor/ZenoDeviceMonitor.entitlements;
				CODE_SIGN_STYLE = Automatic;
				CURRENT_PROJECT_VERSION = 1;
				DEVELOPMENT_TEAM = A2JAGQNDRL;
				GENERATE_INFOPLIST_FILE = YES;
				INFOPLIST_FILE = ZenoDeviceMonitor/Info.plist;
				INFOPLIST_KEY_CFBundleDisplayName = ZenoDeviceMonitor;
				INFOPLIST_KEY_NSHumanReadableCopyright = "";
				LD_RUNPATH_SEARCH_PATHS = (
					"$(inherited)",
					"@executable_path/Frameworks",
					"@executable_path/../../Frameworks",
				);
				MARKETING_VERSION = 1.0;
				PRODUCT_BUNDLE_IDENTIFIER = co.karthik.Zeno.ZenoDeviceMonitor;
				PRODUCT_NAME = "$(TARGET_NAME)";
				SKIP_INSTALL = YES;
				STRING_CATALOG_GENERATE_SYMBOLS = YES;
				SWIFT_APPROACHABLE_CONCURRENCY = YES;
				SWIFT_EMIT_LOC_STRINGS = YES;
				SWIFT_UPCOMING_FEATURE_MEMBER_IMPORT_VISIBILITY = YES;
				SWIFT_VERSION = 5.0;
				TARGETED_DEVICE_FAMILY = "1,2";
			};
			name = Debug;
		};
		279BCFC72ED7BF1600FAB2C9 /* Release */ = {
			isa = XCBuildConfiguration;
			buildSettings = {
				CODE_SIGN_ENTITLEMENTS = ZenoDeviceMonitor/ZenoDeviceMonitor.entitlements;
				CODE_SIGN_STYLE = Automatic;
				CURRENT_PROJECT_VERSION = 1;
				DEVELOPMENT_TEAM = A2JAGQNDRL;
				GENERATE_INFOPLIST_FILE = YES;
				INFOPLIST_FILE = ZenoDeviceMonitor/Info.plist;
				INFOPLIST_KEY_CFBundleDisplayName = ZenoDeviceMonitor;
				INFOPLIST_KEY_NSHumanReadableCopyright = "";
				LD_RUNPATH_SEARCH_PATHS = (
					"$(inherited)",
					"@executable_path/Frameworks",
					"@executable_path/../../Frameworks",
				);
				MARKETING_VERSION = 1.0;
				PRODUCT_BUNDLE_IDENTIFIER = co.karthik.Zeno.ZenoDeviceMonitor;
				PRODUCT_NAME = "$(TARGET_NAME)";
				SKIP_INSTALL = YES;
				STRING_CATALOG_GENERATE_SYMBOLS = YES;
				SWIFT_APPROACHABLE_CONCURRENCY = YES;
				SWIFT_EMIT_LOC_STRINGS = YES;
				SWIFT_UPCOMING_FEATURE_MEMBER_IMPORT_VISIBILITY = YES;
				SWIFT_VERSION = 5.0;
				TARGETED_DEVICE_FAMILY = "1,2";
			};
			name = Release;
		};
/* End XCBuildConfiguration section */

/* Begin XCConfigurationList section */
		279BC8C52ED157E800FAB2C9 /* Build configuration list for PBXProject "Zeno" */ = {
			isa = XCConfigurationList;
			buildConfigurations = (
				279BC8E92ED157EA00FAB2C9 /* Debug */,
				279BC8EA2ED157EA00FAB2C9 /* Release */,
			);
			defaultConfigurationIsVisible = 0;
			defaultConfigurationName = Release;
		};
		279BC8EB2ED157EA00FAB2C9 /* Build configuration list for PBXNativeTarget "Zeno" */ = {
			isa = XCConfigurationList;
			buildConfigurations = (
				279BC8EC2ED157EA00FAB2C9 /* Debug */,
				279BC8ED2ED157EA00FAB2C9 /* Release */,
			);
			defaultConfigurationIsVisible = 0;
			defaultConfigurationName = Release;
		};
		279BC8EE2ED157EA00FAB2C9 /* Build configuration list for PBXNativeTarget "ZenoTests" */ = {
			isa = XCConfigurationList;
			buildConfigurations = (
				279BC8EF2ED157EA00FAB2C9 /* Debug */,
				279BC8F02ED157EA00FAB2C9 /* Release */,
			);
			defaultConfigurationIsVisible = 0;
			defaultConfigurationName = Release;
		};
		279BC8F12ED157EA00FAB2C9 /* Build configuration list for PBXNativeTarget "ZenoUITests" */ = {
			isa = XCConfigurationList;
			buildConfigurations = (
				279BC8F22ED157EA00FAB2C9 /* Debug */,
				279BC8F32ED157EA00FAB2C9 /* Release */,
			);
			defaultConfigurationIsVisible = 0;
			defaultConfigurationName = Release;
		};
		279BCF1A2ED7B12200FAB2C9 /* Build configuration list for PBXNativeTarget "ZenoShieldExtension" */ = {
			isa = XCConfigurationList;
			buildConfigurations = (
				279BCF1B2ED7B12200FAB2C9 /* Debug */,
				279BCF1C2ED7B12200FAB2C9 /* Release */,
			);
			defaultConfigurationIsVisible = 0;
			defaultConfigurationName = Release;
		};
		279BCFC52ED7BF1600FAB2C9 /* Build configuration list for PBXNativeTarget "ZenoDeviceMonitor" */ = {
			isa = XCConfigurationList;
			buildConfigurations = (
				279BCFC62ED7BF1600FAB2C9 /* Debug */,
				279BCFC72ED7BF1600FAB2C9 /* Release */,
			);
			defaultConfigurationIsVisible = 0;
			defaultConfigurationName = Release;
		};
/* End XCConfigurationList section */

/* Begin XCRemoteSwiftPackageReference section */
		279BD12F2EDE7E7000FAB2C9 /* XCRemoteSwiftPackageReference "SVGView" */ = {
			isa = XCRemoteSwiftPackageReference;
			repositoryURL = "https://github.com/exyte/SVGView";
			requirement = {
				kind = upToNextMajorVersion;
				minimumVersion = 1.0.6;
			};
		};
/* End XCRemoteSwiftPackageReference section */

/* Begin XCSwiftPackageProductDependency section */
		279BD1302EDE7EE400FAB2C9 /* SVGView */ = {
			isa = XCSwiftPackageProductDependency;
			package = 279BD12F2EDE7E7000FAB2C9 /* XCRemoteSwiftPackageReference "SVGView" */;
			productName = SVGView;
		};
/* End XCSwiftPackageProductDependency section */
	};
	rootObject = 279BC8C22ED157E800FAB2C9 /* Project object */;
}
